
Microsoft Visual Studio Solution File, Format Version 12.00
# Visual Studio Version 16
VisualStudioVersion = 16.0.30114.105
MinimumVisualStudioVersion = 10.0.40219.1
Project("{FAE04EC0-301F-11D3-BF4B-00C04F79EFBC}") = "RedisDemo.API", "RedisDemo.API\RedisDemo.API.csproj", "{6CFFF5F5-0690-4BA7-BAB7-059EDD338878}"
EndProject
Project("{E53339B2-1760-4266-BCC7-CA923CBCF16C}") = "docker-compose", "docker-compose.dcproj", "{6EA8D625-5E50-4C02-99A9-C3F58D29D0FD}"
EndProject
Global
	GlobalSection(SolutionConfigurationPlatforms) = preSolution
		Debug|Any CPU = Debug|Any CPU
		Debug|x64 = Debug|x64
		Debug|x86 = Debug|x86
		Release|Any CPU = Release|Any CPU
		Release|x64 = Release|x64
		Release|x86 = Release|x86
	EndGlobalSection
	GlobalSection(ProjectConfigurationPlatforms) = postSolution
		{6CFFF5F5-0690-4BA7-BAB7-059EDD338878}.Debug|Any CPU.ActiveCfg = Debug|Any CPU
		{6CFFF5F5-0690-4BA7-BAB7-059EDD338878}.Debug|Any CPU.Build.0 = Debug|Any CPU
		{6CFFF5F5-0690-4BA7-BAB7-059EDD338878}.Debug|x64.ActiveCfg = Debug|Any CPU
		{6CFFF5F5-0690-4BA7-BAB7-059EDD338878}.Debug|x64.Build.0 = Debug|Any CPU
		{6CFFF5F5-0690-4BA7-BAB7-059EDD338878}.Debug|x86.ActiveCfg = Debug|Any CPU
		{6CFFF5F5-0690-4BA7-BAB7-059EDD338878}.Debug|x86.Build.0 = Debug|Any CPU
		{6CFFF5F5-0690-4BA7-BAB7-059EDD338878}.Release|Any CPU.ActiveCfg = Release|Any CPU
		{6CFFF5F5-0690-4BA7-BAB7-059EDD338878}.Release|Any CPU.Build.0 = Release|Any CPU
		{6CFFF5F5-0690-4BA7-BAB7-059EDD338878}.Release|x64.ActiveCfg = Release|Any CPU
		{6CFFF5F5-0690-4BA7-BAB7-059EDD338878}.Release|x64.Build.0 = Release|Any CPU
		{6CFFF5F5-0690-4BA7-BAB7-059EDD338878}.Release|x86.ActiveCfg = Release|Any CPU
		{6CFFF5F5-0690-4BA7-BAB7-059EDD338878}.Release|x86.Build.0 = Release|Any CPU
		{6EA8D625-5E50-4C02-99A9-C3F58D29D0FD}.Debug|Any CPU.ActiveCfg = Debug|Any CPU
		{6EA8D625-5E50-4C02-99A9-C3F58D29D0FD}.Debug|Any CPU.Build.0 = Debug|Any CPU
		{6EA8D625-5E50-4C02-99A9-C3F58D29D0FD}.Debug|x64.ActiveCfg = Debug|Any CPU
		{6EA8D625-5E50-4C02-99A9-C3F58D29D0FD}.Debug|x64.Build.0 = Debug|Any CPU
		{6EA8D625-5E50-4C02-99A9-C3F58D29D0FD}.Debug|x86.ActiveCfg = Debug|Any CPU
		{6EA8D625-5E50-4C02-99A9-C3F58D29D0FD}.Debug|x86.Build.0 = Debug|Any CPU
		{6EA8D625-5E50-4C02-99A9-C3F58D29D0FD}.Release|Any CPU.ActiveCfg = Release|Any CPU
		{6EA8D625-5E50-4C02-99A9-C3F58D29D0FD}.Release|Any CPU.Build.0 = Release|Any CPU
		{6EA8D625-5E50-4C02-99A9-C3F58D29D0FD}.Release|x64.ActiveCfg = Release|Any CPU
		{6EA8D625-5E50-4C02-99A9-C3F58D29D0FD}.Release|x64.Build.0 = Release|Any CPU
		{6EA8D625-5E50-4C02-99A9-C3F58D29D0FD}.Release|x86.ActiveCfg = Release|Any CPU
		{6EA8D625-5E50-4C02-99A9-C3F58D29D0FD}.Release|x86.Build.0 = Release|Any CPU
	EndGlobalSection
	GlobalSection(SolutionProperties) = preSolution
		HideSolutionNode = FALSE
	EndGlobalSection
	GlobalSection(ExtensibilityGlobals) = postSolution
		SolutionGuid = {FD97D478-8D53-4ECB-AA0B-B1C61A6D4CBE}
	EndGlobalSection
EndGlobal
